
Microsoft Visual Studio Solution File, Format Version 12.00
# Visual Studio Version 16
VisualStudioVersion = 16.0.34601.136
MinimumVisualStudioVersion = 10.0.40219.1
Project("{FAE04EC0-301F-11D3-BF4B-00C04F79EFBC}") = "ChessDLC", "ChessDLC\ChessDLC.csproj", "{05731075-508C-494D-A70F-3507FEB5A779}"
EndProject
Global
	GlobalSection(SolutionConfigurationPlatforms) = preSolution
		Debug|Any CPU = Debug|Any CPU
		Release|Any CPU = Release|Any CPU
	EndGlobalSection
	GlobalSection(ProjectConfigurationPlatforms) = postSolution
		{05731075-508C-494D-A70F-3507FEB5A779}.Debug|Any CPU.ActiveCfg = Debug|Any CPU
		{05731075-508C-494D-A70F-3507FEB5A779}.Debug|Any CPU.Build.0 = Debug|Any CPU
		{05731075-508C-494D-A70F-3507FEB5A779}.Release|Any CPU.ActiveCfg = Release|Any CPU
		{05731075-508C-494D-A70F-3507FEB5A779}.Release|Any CPU.Build.0 = Release|Any CPU
	EndGlobalSection
	GlobalSection(SolutionProperties) = preSolution
		HideSolutionNode = FALSE
	EndGlobalSection
	GlobalSection(ExtensibilityGlobals) = postSolution
		SolutionGuid = {AD86CBC9-A9A6-41FD-BA70-0E7E082B0F8E}
	EndGlobalSection
EndGlobal
